// !$*UTF8*$!
{
	archiveVersion = 1;
	classes = {
	};
	objectVersion = 46;
	objects = {

/* Begin PBXBuildFile section */
		73909B5A1DC31CC000490E9F /* main.m in Sources */ = {isa = PBXBuildFile; fileRef = 73909B591DC31CC000490E9F /* main.m */; };
		73909B5D1DC31CC000490E9F /* AppDelegate.m in Sources */ = {isa = PBXBuildFile; fileRef = 73909B5C1DC31CC000490E9F /* AppDelegate.m */; };
		73909B601DC31CC000490E9F /* ViewController.m in Sources */ = {isa = PBXBuildFile; fileRef = 73909B5F1DC31CC000490E9F /* ViewController.m */; };
		73909B631DC31CC000490E9F /* Main.storyboard in Resources */ = {isa = PBXBuildFile; fileRef = 73909B611DC31CC000490E9F /* Main.storyboard */; };
		73909B651DC31CC000490E9F /* Assets.xcassets in Resources */ = {isa = PBXBuildFile; fileRef = 73909B641DC31CC000490E9F /* Assets.xcassets */; };
		73909B681DC31CC000490E9F /* LaunchScreen.storyboard in Resources */ = {isa = PBXBuildFile; fileRef = 73909B661DC31CC000490E9F /* LaunchScreen.storyboard */; };
		73909B731DC31CC000490E9F /* WBBlurredImageTests.m in Sources */ = {isa = PBXBuildFile; fileRef = 73909B721DC31CC000490E9F /* WBBlurredImageTests.m */; };
		73909B7E1DC31CC000490E9F /* WBBlurredImageUITests.m in Sources */ = {isa = PBXBuildFile; fileRef = 73909B7D1DC31CC000490E9F /* WBBlurredImageUITests.m */; };
		73909B8E1DC31D7200490E9F /* UIImage+ImageEffets.m in Sources */ = {isa = PBXBuildFile; fileRef = 73909B8D1DC31D7200490E9F /* UIImage+ImageEffets.m */; };
		73909B911DC31D8D00490E9F /* UIImageView+WBBlurredImage.m in Sources */ = {isa = PBXBuildFile; fileRef = 73909B901DC31D8D00490E9F /* UIImageView+WBBlurredImage.m */; };
		73909B931DC31DE200490E9F /* example.png in Resources */ = {isa = PBXBuildFile; fileRef = 73909B921DC31DE200490E9F /* example.png */; };
		73909B961DC31E0B00490E9F /* CoreGraphics.framework in Frameworks */ = {isa = PBXBuildFile; fileRef = 73909B951DC31E0B00490E9F /* CoreGraphics.framework */; };
		73909B981DC31E1900490E9F /* Foundation.framework in Frameworks */ = {isa = PBXBuildFile; fileRef = 73909B971DC31E1900490E9F /* Foundation.framework */; };
		73909B9A1DC31E2000490E9F /* UIKit.framework in Frameworks */ = {isa = PBXBuildFile; fileRef = 73909B991DC31E2000490E9F /* UIKit.framework */; };
		73909B9C1DC31E2B00490E9F /* CoreImage.framework in Frameworks */ = {isa = PBXBuildFile; fileRef = 73909B9B1DC31E2B00490E9F /* CoreImage.framework */; };
		73909B9E1DC31E3700490E9F /* Accelerate.framework in Frameworks */ = {isa = PBXBuildFile; fileRef = 73909B9D1DC31E3700490E9F /* Accelerate.framework */; };
/* End PBXBuildFile section */

/* Begin PBXContainerItemProxy section */
		73909B6F1DC31CC000490E9F /* PBXContainerItemProxy */ = {
			isa = PBXContainerItemProxy;
			containerPortal = 73909B4D1DC31CBF00490E9F /* Project object */;
			proxyType = 1;
			remoteGlobalIDString = 73909B541DC31CBF00490E9F;
			remoteInfo = WBBlurredImage;
		};
		73909B7A1DC31CC000490E9F /* PBXContainerItemProxy */ = {
			isa = PBXContainerItemProxy;
			containerPortal = 73909B4D1DC31CBF00490E9F /* Project object */;
			proxyType = 1;
			remoteGlobalIDString = 73909B541DC31CBF00490E9F;
			remoteInfo = WBBlurredImage;
		};
/* End PBXContainerItemProxy section */

/* Begin PBXFileReference section */
		73909B551DC31CBF00490E9F /* WBBlurredImage.app */ = {isa = PBXFileReference; explicitFileType = wrapper.application; includeInIndex = 0; path = WBBlurredImage.app; sourceTree = BUILT_PRODUCTS_DIR; };
		73909B591DC31CC000490E9F /* main.m */ = {isa = PBXFileReference; lastKnownFileType = sourcecode.c.objc; path = main.m; sourceTree = "<group>"; };
		73909B5B1DC31CC000490E9F /* AppDelegate.h */ = {isa = PBXFileReference; lastKnownFileType = sourcecode.c.h; path = AppDelegate.h; sourceTree = "<group>"; };
		73909B5C1DC31CC000490E9F /* AppDelegate.m */ = {isa = PBXFileReference; lastKnownFileType = sourcecode.c.objc; path = AppDelegate.m; sourceTree = "<group>"; };
		73909B5E1DC31CC000490E9F /* ViewController.h */ = {isa = PBXFileReference; lastKnownFileType = sourcecode.c.h; path = ViewController.h; sourceTree = "<group>"; };
		73909B5F1DC31CC000490E9F /* ViewController.m */ = {isa = PBXFileReference; lastKnownFileType = sourcecode.c.objc; path = ViewController.m; sourceTree = "<group>"; };
		73909B621DC31CC000490E9F /* Base */ = {isa = PBXFileReference; lastKnownFileType = file.storyboard; name = Base; path = Base.lproj/Main.storyboard; sourceTree = "<group>"; };
		73909B641DC31CC000490E9F /* Assets.xcassets */ = {isa = PBXFileReference; lastKnownFileType = folder.assetcatalog; path = Assets.xcassets; sourceTree = "<group>"; };
		73909B671DC31CC000490E9F /* Base */ = {isa = PBXFileReference; lastKnownFileType = file.storyboard; name = Base; path = Base.lproj/LaunchScreen.storyboard; sourceTree = "<group>"; };
		73909B691DC31CC000490E9F /* Info.plist */ = {isa = PBXFileReference; lastKnownFileType = text.plist.xml; path = Info.plist; sourceTree = "<group>"; };
		73909B6E1DC31CC000490E9F /* WBBlurredImageTests.xctest */ = {isa = PBXFileReference; explicitFileType = wrapper.cfbundle; includeInIndex = 0; path = WBBlurredImageTests.xctest; sourceTree = BUILT_PRODUCTS_DIR; };
		73909B721DC31CC000490E9F /* WBBlurredImageTests.m */ = {isa = PBXFileReference; lastKnownFileType = sourcecode.c.objc; path = WBBlurredImageTests.m; sourceTree = "<group>"; };
		73909B741DC31CC000490E9F /* Info.plist */ = {isa = PBXFileReference; lastKnownFileType = text.plist.xml; path = Info.plist; sourceTree = "<group>"; };
		73909B791DC31CC000490E9F /* WBBlurredImageUITests.xctest */ = {isa = PBXFileReference; explicitFileType = wrapper.cfbundle; includeInIndex = 0; path = WBBlurredImageUITests.xctest; sourceTree = BUILT_PRODUCTS_DIR; };
		73909B7D1DC31CC000490E9F /* WBBlurredImageUITests.m */ = {isa = PBXFileReference; lastKnownFileType = sourcecode.c.objc; path = WBBlurredImageUITests.m; sourceTree = "<group>"; };
		73909B7F1DC31CC100490E9F /* Info.plist */ = {isa = PBXFileReference; lastKnownFileType = text.plist.xml; path = Info.plist; sourceTree = "<group>"; };
		73909B8C1DC31D7200490E9F /* UIImage+ImageEffets.h */ = {isa = PBXFileReference; fileEncoding = 4; lastKnownFileType = sourcecode.c.h; path = "UIImage+ImageEffets.h"; sourceTree = "<group>"; };
		73909B8D1DC31D7200490E9F /* UIImage+ImageEffets.m */ = {isa = PBXFileReference; fileEncoding = 4; lastKnownFileType = sourcecode.c.objc; path = "UIImage+ImageEffets.m"; sourceTree = "<group>"; };
		73909B8F1DC31D8D00490E9F /* UIImageView+WBBlurredImage.h */ = {isa = PBXFileReference; fileEncoding = 4; lastKnownFileType = sourcecode.c.h; path = "UIImageView+WBBlurredImage.h"; sourceTree = "<group>"; };
		73909B901DC31D8D00490E9F /* UIImageView+WBBlurredImage.m */ = {isa = PBXFileReference; fileEncoding = 4; lastKnownFileType = sourcecode.c.objc; path = "UIImageView+WBBlurredImage.m"; sourceTree = "<group>"; };
		73909B921DC31DE200490E9F /* example.png */ = {isa = PBXFileReference; lastKnownFileType = image.png; path = example.png; sourceTree = "<group>"; };
		73909B951DC31E0B00490E9F /* CoreGraphics.framework */ = {isa = PBXFileReference; lastKnownFileType = wrapper.framework; name = CoreGraphics.framework; path = System/Library/Frameworks/CoreGraphics.framework; sourceTree = SDKROOT; };
		73909B971DC31E1900490E9F /* Foundation.framework */ = {isa = PBXFileReference; lastKnownFileType = wrapper.framework; name = Foundation.framework; path = System/Library/Frameworks/Foundation.framework; sourceTree = SDKROOT; };
		73909B991DC31E2000490E9F /* UIKit.framework */ = {isa = PBXFileReference; lastKnownFileType = wrapper.framework; name = UIKit.framework; path = System/Library/Frameworks/UIKit.framework; sourceTree = SDKROOT; };
		73909B9B1DC31E2B00490E9F /* CoreImage.framework */ = {isa = PBXFileReference; lastKnownFileType = wrapper.framework; name = CoreImage.framework; path = System/Library/Frameworks/CoreImage.framework; sourceTree = SDKROOT; };
		73909B9D1DC31E3700490E9F /* Accelerate.framework */ = {isa = PBXFileReference; lastKnownFileType = wrapper.framework; name = Accelerate.framework; path = System/Library/Frameworks/Accelerate.framework; sourceTree = SDKROOT; };
/* End PBXFileReference section */

/* Begin PBXFrameworksBuildPhase section */
		73909B521DC31CBF00490E9F /* Frameworks */ = {
			isa = PBXFrameworksBuildPhase;
			buildActionMask = 2147483647;
			files = (
				73909B9E1DC31E3700490E9F /* Accelerate.framework in Frameworks */,
				73909B9C1DC31E2B00490E9F /* CoreImage.framework in Frameworks */,
				73909B9A1DC31E2000490E9F /* UIKit.framework in Frameworks */,
				73909B981DC31E1900490E9F /* Foundation.framework in Frameworks */,
				73909B961DC31E0B00490E9F /* CoreGraphics.framework in Frameworks */,
			);
			runOnlyForDeploymentPostprocessing = 0;
		};
		73909B6B1DC31CC000490E9F /* Frameworks */ = {
			isa = PBXFrameworksBuildPhase;
			buildActionMask = 2147483647;
			files = (
			);
			runOnlyForDeploymentPostprocessing = 0;
		};
		73909B761DC31CC000490E9F /* Frameworks */ = {
			isa = PBXFrameworksBuildPhase;
			buildActionMask = 2147483647;
			files = (
			);
			runOnlyForDeploymentPostprocessing = 0;
		};
/* End PBXFrameworksBuildPhase section */

/* Begin PBXGroup section */
		73909B4C1DC31CBF00490E9F = {
			isa = PBXGroup;
			children = (
				73909B571DC31CBF00490E9F /* WBBlurredImage */,
				73909B711DC31CC000490E9F /* WBBlurredImageTests */,
				73909B7C1DC31CC000490E9F /* WBBlurredImageUITests */,
				73909B561DC31CBF00490E9F /* Products */,
				73909B941DC31E0B00490E9F /* Frameworks */,
			);
			sourceTree = "<group>";
		};
		73909B561DC31CBF00490E9F /* Products */ = {
			isa = PBXGroup;
			children = (
				73909B551DC31CBF00490E9F /* WBBlurredImage.app */,
				73909B6E1DC31CC000490E9F /* WBBlurredImageTests.xctest */,
				73909B791DC31CC000490E9F /* WBBlurredImageUITests.xctest */,
			);
			name = Products;
			sourceTree = "<group>";
		};
		73909B571DC31CBF00490E9F /* WBBlurredImage */ = {
			isa = PBXGroup;
			children = (
				73909B921DC31DE200490E9F /* example.png */,
				73909B8B1DC31D2600490E9F /* Additions */,
				73909B5B1DC31CC000490E9F /* AppDelegate.h */,
				73909B5C1DC31CC000490E9F /* AppDelegate.m */,
				73909B5E1DC31CC000490E9F /* ViewController.h */,
				73909B5F1DC31CC000490E9F /* ViewController.m */,
				73909B611DC31CC000490E9F /* Main.storyboard */,
				73909B641DC31CC000490E9F /* Assets.xcassets */,
				73909B661DC31CC000490E9F /* LaunchScreen.storyboard */,
				73909B691DC31CC000490E9F /* Info.plist */,
				73909B581DC31CBF00490E9F /* Supporting Files */,
			);
			path = WBBlurredImage;
			sourceTree = "<group>";
		};
		73909B581DC31CBF00490E9F /* Supporting Files */ = {
			isa = PBXGroup;
			children = (
				73909B591DC31CC000490E9F /* main.m */,
			);
			name = "Supporting Files";
			sourceTree = "<group>";
		};
		73909B711DC31CC000490E9F /* WBBlurredImageTests */ = {
			isa = PBXGroup;
			children = (
				73909B721DC31CC000490E9F /* WBBlurredImageTests.m */,
				73909B741DC31CC000490E9F /* Info.plist */,
			);
			path = WBBlurredImageTests;
			sourceTree = "<group>";
		};
		73909B7C1DC31CC000490E9F /* WBBlurredImageUITests */ = {
			isa = PBXGroup;
			children = (
				73909B7D1DC31CC000490E9F /* WBBlurredImageUITests.m */,
				73909B7F1DC31CC100490E9F /* Info.plist */,
			);
			path = WBBlurredImageUITests;
			sourceTree = "<group>";
		};
		73909B8B1DC31D2600490E9F /* Additions */ = {
			isa = PBXGroup;
			children = (
				73909B8C1DC31D7200490E9F /* UIImage+ImageEffets.h */,
				73909B8D1DC31D7200490E9F /* UIImage+ImageEffets.m */,
				73909B8F1DC31D8D00490E9F /* UIImageView+WBBlurredImage.h */,
				73909B901DC31D8D00490E9F /* UIImageView+WBBlurredImage.m */,
			);
			path = Additions;
			sourceTree = "<group>";
		};
		73909B941DC31E0B00490E9F /* Frameworks */ = {
			isa = PBXGroup;
			children = (
				73909B9D1DC31E3700490E9F /* Accelerate.framework */,
				73909B9B1DC31E2B00490E9F /* CoreImage.framework */,
				73909B991DC31E2000490E9F /* UIKit.framework */,
				73909B971DC31E1900490E9F /* Foundation.framework */,
				73909B951DC31E0B00490E9F /* CoreGraphics.framework */,
			);
			name = Frameworks;
			sourceTree = "<group>";
		};
/* End PBXGroup section */

/* Begin PBXNativeTarget section */
		73909B541DC31CBF00490E9F /* WBBlurredImage */ = {
			isa = PBXNativeTarget;
			buildConfigurationList = 73909B821DC31CC100490E9F /* Build configuration list for PBXNativeTarget "WBBlurredImage" */;
			buildPhases = (
				73909B511DC31CBF00490E9F /* Sources */,
				73909B521DC31CBF00490E9F /* Frameworks */,
				73909B531DC31CBF00490E9F /* Resources */,
			);
			buildRules = (
			);
			dependencies = (
			);
			name = WBBlurredImage;
			productName = WBBlurredImage;
			productReference = 73909B551DC31CBF00490E9F /* WBBlurredImage.app */;
			productType = "com.apple.product-type.application";
		};
		73909B6D1DC31CC000490E9F /* WBBlurredImageTests */ = {
			isa = PBXNativeTarget;
			buildConfigurationList = 73909B851DC31CC100490E9F /* Build configuration list for PBXNativeTarget "WBBlurredImageTests" */;
			buildPhases = (
				73909B6A1DC31CC000490E9F /* Sources */,
				73909B6B1DC31CC000490E9F /* Frameworks */,
				73909B6C1DC31CC000490E9F /* Resources */,
			);
			buildRules = (
			);
			dependencies = (
				73909B701DC31CC000490E9F /* PBXTargetDependency */,
			);
			name = WBBlurredImageTests;
			productName = WBBlurredImageTests;
			productReference = 73909B6E1DC31CC000490E9F /* WBBlurredImageTests.xctest */;
			productType = "com.apple.product-type.bundle.unit-test";
		};
		73909B781DC31CC000490E9F /* WBBlurredImageUITests */ = {
			isa = PBXNativeTarget;
			buildConfigurationList = 73909B881DC31CC100490E9F /* Build configuration list for PBXNativeTarget "WBBlurredImageUITests" */;
			buildPhases = (
				73909B751DC31CC000490E9F /* Sources */,
				73909B761DC31CC000490E9F /* Frameworks */,
				73909B771DC31CC000490E9F /* Resources */,
			);
			buildRules = (
			);
			dependencies = (
				73909B7B1DC31CC000490E9F /* PBXTargetDependency */,
			);
			name = WBBlurredImageUITests;
			productName = WBBlurredImageUITests;
			productReference = 73909B791DC31CC000490E9F /* WBBlurredImageUITests.xctest */;
			productType = "com.apple.product-type.bundle.ui-testing";
		};
/* End PBXNativeTarget section */

/* Begin PBXProject section */
		73909B4D1DC31CBF00490E9F /* Project object */ = {
			isa = PBXProject;
			attributes = {
				LastUpgradeCheck = 0800;
				ORGANIZATIONNAME = wubiao;
				TargetAttributes = {
					73909B541DC31CBF00490E9F = {
						CreatedOnToolsVersion = 8.0;
						DevelopmentTeam = XW6S6GC8TX;
						ProvisioningStyle = Automatic;
					};
					73909B6D1DC31CC000490E9F = {
						CreatedOnToolsVersion = 8.0;
						DevelopmentTeam = XW6S6GC8TX;
						ProvisioningStyle = Automatic;
						TestTargetID = 73909B541DC31CBF00490E9F;
					};
					73909B781DC31CC000490E9F = {
						CreatedOnToolsVersion = 8.0;
						DevelopmentTeam = XW6S6GC8TX;
						ProvisioningStyle = Automatic;
						TestTargetID = 73909B541DC31CBF00490E9F;
					};
				};
			};
			buildConfigurationList = 73909B501DC31CBF00490E9F /* Build configuration list for PBXProject "WBBlurredImage" */;
			compatibilityVersion = "Xcode 3.2";
			developmentRegion = English;
			hasScannedForEncodings = 0;
			knownRegions = (
				en,
				Base,
			);
			mainGroup = 73909B4C1DC31CBF00490E9F;
			productRefGroup = 73909B561DC31CBF00490E9F /* Products */;
			projectDirPath = "";
			projectRoot = "";
			targets = (
				73909B541DC31CBF00490E9F /* WBBlurredImage */,
				73909B6D1DC31CC000490E9F /* WBBlurredImageTests */,
				73909B781DC31CC000490E9F /* WBBlurredImageUITests */,
			);
		};
/* End PBXProject section */

/* Begin PBXResourcesBuildPhase section */
		73909B531DC31CBF00490E9F /* Resources */ = {
			isa = PBXResourcesBuildPhase;
			buildActionMask = 2147483647;
			files = (
				73909B681DC31CC000490E9F /* LaunchScreen.storyboard in Resources */,
				73909B651DC31CC000490E9F /* Assets.xcassets in Resources */,
				73909B931DC31DE200490E9F /* example.png in Resources */,
				73909B631DC31CC000490E9F /* Main.storyboard in Resources */,
			);
			runOnlyForDeploymentPostprocessing = 0;
		};
		73909B6C1DC31CC000490E9F /* Resources */ = {
			isa = PBXResourcesBuildPhase;
			buildActionMask = 2147483647;
			files = (
			);
			runOnlyForDeploymentPostprocessing = 0;
		};
		73909B771DC31CC000490E9F /* Resources */ = {
			isa = PBXResourcesBuildPhase;
			buildActionMask = 2147483647;
			files = (
			);
			runOnlyForDeploymentPostprocessing = 0;
		};
/* End PBXResourcesBuildPhase section */

/* Begin PBXSourcesBuildPhase section */
		73909B511DC31CBF00490E9F /* Sources */ = {
			isa = PBXSourcesBuildPhase;
			buildActionMask = 2147483647;
			files = (
				73909B911DC31D8D00490E9F /* UIImageView+WBBlurredImage.m in Sources */,
				73909B8E1DC31D7200490E9F /* UIImage+ImageEffets.m in Sources */,
				73909B601DC31CC000490E9F /* ViewController.m in Sources */,
				73909B5D1DC31CC000490E9F /* AppDelegate.m in Sources */,
				73909B5A1DC31CC000490E9F /* main.m in Sources */,
			);
			runOnlyForDeploymentPostprocessing = 0;
		};
		73909B6A1DC31CC000490E9F /* Sources */ = {
			isa = PBXSourcesBuildPhase;
			buildActionMask = 2147483647;
			files = (
				73909B731DC31CC000490E9F /* WBBlurredImageTests.m in Sources */,
			);
			runOnlyForDeploymentPostprocessing = 0;
		};
		73909B751DC31CC000490E9F /* Sources */ = {
			isa = PBXSourcesBuildPhase;
			buildActionMask = 2147483647;
			files = (
				73909B7E1DC31CC000490E9F /* WBBlurredImageUITests.m in Sources */,
			);
			runOnlyForDeploymentPostprocessing = 0;
		};
/* End PBXSourcesBuildPhase section */

/* Begin PBXTargetDependency section */
		73909B701DC31CC000490E9F /* PBXTargetDependency */ = {
			isa = PBXTargetDependency;
			target = 73909B541DC31CBF00490E9F /* WBBlurredImage */;
			targetProxy = 73909B6F1DC31CC000490E9F /* PBXContainerItemProxy */;
		};
		73909B7B1DC31CC000490E9F /* PBXTargetDependency */ = {
			isa = PBXTargetDependency;
			target = 73909B541DC31CBF00490E9F /* WBBlurredImage */;
			targetProxy = 73909B7A1DC31CC000490E9F /* PBXContainerItemProxy */;
		};
/* End PBXTargetDependency section */

/* Begin PBXVariantGroup section */
		73909B611DC31CC000490E9F /* Main.storyboard */ = {
			isa = PBXVariantGroup;
			children = (
				73909B621DC31CC000490E9F /* Base */,
			);
			name = Main.storyboard;
			sourceTree = "<group>";
		};
		73909B661DC31CC000490E9F /* LaunchScreen.storyboard */ = {
			isa = PBXVariantGroup;
			children = (
				73909B671DC31CC000490E9F /* Base */,
			);
			name = LaunchScreen.storyboard;
			sourceTree = "<group>";
		};
/* End PBXVariantGroup section */

/* Begin XCBuildConfiguration section */
		73909B801DC31CC100490E9F /* Debug */ = {
			isa = XCBuildConfiguration;
			buildSettings = {
				ALWAYS_SEARCH_USER_PATHS = NO;
				CLANG_ANALYZER_NONNULL = YES;
				CLANG_CXX_LANGUAGE_STANDARD = "gnu++0x";
				CLANG_CXX_LIBRARY = "libc++";
				CLANG_ENABLE_MODULES = YES;
				CLANG_ENABLE_OBJC_ARC = YES;
				CLANG_WARN_BOOL_CONVERSION = YES;
				CLANG_WARN_CONSTANT_CONVERSION = YES;
				CLANG_WARN_DIRECT_OBJC_ISA_USAGE = YES_ERROR;
				CLANG_WARN_DOCUMENTATION_COMMENTS = YES;
				CLANG_WARN_EMPTY_BODY = YES;
				CLANG_WARN_ENUM_CONVERSION = YES;
				CLANG_WARN_INFINITE_RECURSION = YES;
				CLANG_WARN_INT_CONVERSION = YES;
				CLANG_WARN_OBJC_ROOT_CLASS = YES_ERROR;
				CLANG_WARN_SUSPICIOUS_MOVES = YES;
				CLANG_WARN_UNREACHABLE_CODE = YES;
				CLANG_WARN__DUPLICATE_METHOD_MATCH = YES;
				"CODE_SIGN_IDENTITY[sdk=iphoneos*]" = "iPhone Developer";
				COPY_PHASE_STRIP = NO;
				DEBUG_INFORMATION_FORMAT = dwarf;
				ENABLE_STRICT_OBJC_MSGSEND = YES;
				ENABLE_TESTABILITY = YES;
				GCC_C_LANGUAGE_STANDARD = gnu99;
				GCC_DYNAMIC_NO_PIC = NO;
				GCC_NO_COMMON_BLOCKS = YES;
				GCC_OPTIMIZATION_LEVEL = 0;
				GCC_PREPROCESSOR_DEFINITIONS = (
					"DEBUG=1",
					"$(inherited)",
				);
				GCC_WARN_64_TO_32_BIT_CONVERSION = YES;
				GCC_WARN_ABOUT_RETURN_TYPE = YES_ERROR;
				GCC_WARN_UNDECLARED_SELECTOR = YES;
				GCC_WARN_UNINITIALIZED_AUTOS = YES_AGGRESSIVE;
				GCC_WARN_UNUSED_FUNCTION = YES;
				GCC_WARN_UNUSED_VARIABLE = YES;
				IPHONEOS_DEPLOYMENT_TARGET = 10.0;
				MTL_ENABLE_DEBUG_INFO = YES;
				ONLY_ACTIVE_ARCH = YES;
				SDKROOT = iphoneos;
			};
			name = Debug;
		};
		73909B811DC31CC100490E9F /* Release */ = {
			isa = XCBuildConfiguration;
			buildSettings = {
				ALWAYS_SEARCH_USER_PATHS = NO;
				CLANG_ANALYZER_NONNULL = YES;
				CLANG_CXX_LANGUAGE_STANDARD = "gnu++0x";
				CLANG_CXX_LIBRARY = "libc++";
				CLANG_ENABLE_MODULES = YES;
				CLANG_ENABLE_OBJC_ARC = YES;
				CLANG_WARN_BOOL_CONVERSION = YES;
				CLANG_WARN_CONSTANT_CONVERSION = YES;
				CLANG_WARN_DIRECT_OBJC_ISA_USAGE = YES_ERROR;
				CLANG_WARN_DOCUMENTATION_COMMENTS = YES;
				CLANG_WARN_EMPTY_BODY = YES;
				CLANG_WARN_ENUM_CONVERSION = YES;
				CLANG_WARN_INFINITE_RECURSION = YES;
				CLANG_WARN_INT_CONVERSION = YES;
				CLANG_WARN_OBJC_ROOT_CLASS = YES_ERROR;
				CLANG_WARN_SUSPICIOUS_MOVES = YES;
				CLANG_WARN_UNREACHABLE_CODE = YES;
				CLANG_WARN__DUPLICATE_METHOD_MATCH = YES;
				"CODE_SIGN_IDENTITY[sdk=iphoneos*]" = "iPhone Developer";
				COPY_PHASE_STRIP = NO;
				DEBUG_INFORMATION_FORMAT = "dwarf-with-dsym";
				ENABLE_NS_ASSERTIONS = NO;
				ENABLE_STRICT_OBJC_MSGSEND = YES;
				GCC_C_LANGUAGE_STANDARD = gnu99;
				GCC_NO_COMMON_BLOCKS = YES;
				GCC_WARN_64_TO_32_BIT_CONVERSION = YES;
				GCC_WARN_ABOUT_RETURN_TYPE = YES_ERROR;
				GCC_WARN_UNDECLARED_SELECTOR = YES;
				GCC_WARN_UNINITIALIZED_AUTOS = YES_AGGRESSIVE;
				GCC_WARN_UNUSED_FUNCTION = YES;
				GCC_WARN_UNUSED_VARIABLE = YES;
				IPHONEOS_DEPLOYMENT_TARGET = 10.0;
				MTL_ENABLE_DEBUG_INFO = NO;
				SDKROOT = iphoneos;
				VALIDATE_PRODUCT = YES;
			};
			name = Release;
		};
		73909B831DC31CC100490E9F /* Debug */ = {
			isa = XCBuildConfiguration;
			buildSettings = {
				ASSETCATALOG_COMPILER_APPICON_NAME = AppIcon;
				DEVELOPMENT_TEAM = XW6S6GC8TX;
				INFOPLIST_FILE = WBBlurredImage/Info.plist;
				IPHONEOS_DEPLOYMENT_TARGET = 7.0;
				LD_RUNPATH_SEARCH_PATHS = "$(inherited) @executable_path/Frameworks";
				PRODUCT_BUNDLE_IDENTIFIER = com.wubiao.WBBlurredImage;
				PRODUCT_NAME = "$(TARGET_NAME)";
			};
			name = Debug;
		};
		73909B841DC31CC100490E9F /* Release */ = {
			isa = XCBuildConfiguration;
			buildSettings = {
				ASSETCATALOG_COMPILER_APPICON_NAME = AppIcon;
				DEVELOPMENT_TEAM = XW6S6GC8TX;
				INFOPLIST_FILE = WBBlurredImage/Info.plist;
				IPHONEOS_DEPLOYMENT_TARGET = 7.0;
				LD_RUNPATH_SEARCH_PATHS = "$(inherited) @executable_path/Frameworks";
				PRODUCT_BUNDLE_IDENTIFIER = com.wubiao.WBBlurredImage;
				PRODUCT_NAME = "$(TARGET_NAME)";
			};
			name = Release;
		};
		73909B861DC31CC100490E9F /* Debug */ = {
			isa = XCBuildConfiguration;
			buildSettings = {
				BUNDLE_LOADER = "$(TEST_HOST)";
				DEVELOPMENT_TEAM = XW6S6GC8TX;
				INFOPLIST_FILE = WBBlurredImageTests/Info.plist;
				LD_RUNPATH_SEARCH_PATHS = "$(inherited) @executable_path/Frameworks @loader_path/Frameworks";
				PRODUCT_BUNDLE_IDENTIFIER = com.wubiao.WBBlurredImageTests;
				PRODUCT_NAME = "$(TARGET_NAME)";
				TEST_HOST = "$(BUILT_PRODUCTS_DIR)/WBBlurredImage.app/WBBlurredImage";
			};
			name = Debug;
		};
		73909B871DC31CC100490E9F /* Release */ = {
			isa = XCBuildConfiguration;
			buildSettings = {
				BUNDLE_LOADER = "$(TEST_HOST)";
				DEVELOPMENT_TEAM = XW6S6GC8TX;
				INFOPLIST_FILE = WBBlurredImageTests/Info.plist;
				LD_RUNPATH_SEARCH_PATHS = "$(inherited) @executable_path/Frameworks @loader_path/Frameworks";
				PRODUCT_BUNDLE_IDENTIFIER = com.wubiao.WBBlurredImageTests;
				PRODUCT_NAME = "$(TARGET_NAME)";
				TEST_HOST = "$(BUILT_PRODUCTS_DIR)/WBBlurredImage.app/WBBlurredImage";
			};
			name = Release;
		};
		73909B891DC31CC100490E9F /* Debug */ = {
			isa = XCBuildConfiguration;
			buildSettings = {
				DEVELOPMENT_TEAM = XW6S6GC8TX;
				INFOPLIST_FILE = WBBlurredImageUITests/Info.plist;
				LD_RUNPATH_SEARCH_PATHS = "$(inherited) @executable_path/Frameworks @loader_path/Frameworks";
				PRODUCT_BUNDLE_IDENTIFIER = com.wubiao.WBBlurredImageUITests;
				PRODUCT_NAME = "$(TARGET_NAME)";
				TEST_TARGET_NAME = WBBlurredImage;
			};
			name = Debug;
		};
		73909B8A1DC31CC100490E9F /* Release */ = {
			isa = XCBuildConfiguration;
			buildSettings = {
				DEVELOPMENT_TEAM = XW6S6GC8TX;
				INFOPLIST_FILE = WBBlurredImageUITests/Info.plist;
				LD_RUNPATH_SEARCH_PATHS = "$(inherited) @executable_path/Frameworks @loader_path/Frameworks";
				PRODUCT_BUNDLE_IDENTIFIER = com.wubiao.WBBlurredImageUITests;
				PRODUCT_NAME = "$(TARGET_NAME)";
				TEST_TARGET_NAME = WBBlurredImage;
			};
			name = Release;
		};
/* End XCBuildConfiguration section */

/* Begin XCConfigurationList section */
		73909B501DC31CBF00490E9F /* Build configuration list for PBXProject "WBBlurredImage" */ = {
			isa = XCConfigurationList;
			buildConfigurations = (
				73909B801DC31CC100490E9F /* Debug */,
				73909B811DC31CC100490E9F /* Release */,
			);
			defaultConfigurationIsVisible = 0;
			defaultConfigurationName = Release;
		};
		73909B821DC31CC100490E9F /* Build configuration list for PBXNativeTarget "WBBlurredImage" */ = {
			isa = XCConfigurationList;
			buildConfigurations = (
				73909B831DC31CC100490E9F /* Debug */,
				73909B841DC31CC100490E9F /* Release */,
			);
			defaultConfigurationIsVisible = 0;
		};
		73909B851DC31CC100490E9F /* Build configuration list for PBXNativeTarget "WBBlurredImageTests" */ = {
			isa = XCConfigurationList;
			buildConfigurations = (
				73909B861DC31CC100490E9F /* Debug */,
				73909B871DC31CC100490E9F /* Release */,
			);
			defaultConfigurationIsVisible = 0;
		};
		73909B881DC31CC100490E9F /* Build configuration list for PBXNativeTarget "WBBlurredImageUITests" */ = {
			isa = XCConfigurationList;
			buildConfigurations = (
				73909B891DC31CC100490E9F /* Debug */,
				73909B8A1DC31CC100490E9F /* Release */,
			);
			defaultConfigurationIsVisible = 0;
		};
/* End XCConfigurationList section */
	};
	rootObject = 73909B4D1DC31CBF00490E9F /* Project object */;
}
